// !$*UTF8*$!
{
	archiveVersion = 1;
	classes = {
	};
	objectVersion = 55;
	objects = {

/* Begin PBXBuildFile section */
		DF10E8C92777DA57002C69F9 /* AppDelegate.swift in Sources */ = {isa = PBXBuildFile; fileRef = DF10E8C82777DA57002C69F9 /* AppDelegate.swift */; };
		DF10E8CB2777DA57002C69F9 /* SceneDelegate.swift in Sources */ = {isa = PBXBuildFile; fileRef = DF10E8CA2777DA57002C69F9 /* SceneDelegate.swift */; };
		DF10E8CD2777DA57002C69F9 /* ViewController.swift in Sources */ = {isa = PBXBuildFile; fileRef = DF10E8CC2777DA57002C69F9 /* ViewController.swift */; };
		DF10E8D02777DA57002C69F9 /* Main.storyboard in Resources */ = {isa = PBXBuildFile; fileRef = DF10E8CE2777DA57002C69F9 /* Main.storyboard */; };
		DF10E8D22777DA5B002C69F9 /* Assets.xcassets in Resources */ = {isa = PBXBuildFile; fileRef = DF10E8D12777DA5B002C69F9 /* Assets.xcassets */; };
		DF10E8D52777DA5B002C69F9 /* LaunchScreen.storyboard in Resources */ = {isa = PBXBuildFile; fileRef = DF10E8D32777DA5B002C69F9 /* LaunchScreen.storyboard */; };
		DF10E8E02777DA5B002C69F9 /* SpotControlTests.swift in Sources */ = {isa = PBXBuildFile; fileRef = DF10E8DF2777DA5B002C69F9 /* SpotControlTests.swift */; };
		DF10E8EA2777DA5C002C69F9 /* SpotControlUITests.swift in Sources */ = {isa = PBXBuildFile; fileRef = DF10E8E92777DA5C002C69F9 /* SpotControlUITests.swift */; };
		DF10E8EC2777DA5C002C69F9 /* SpotControlUITestsLaunchTests.swift in Sources */ = {isa = PBXBuildFile; fileRef = DF10E8EB2777DA5C002C69F9 /* SpotControlUITestsLaunchTests.swift */; };
/* End PBXBuildFile section */

/* Begin PBXContainerItemProxy section */
		DF10E8DC2777DA5B002C69F9 /* PBXContainerItemProxy */ = {
			isa = PBXContainerItemProxy;
			containerPortal = DF10E8BD2777DA57002C69F9 /* Project object */;
			proxyType = 1;
			remoteGlobalIDString = DF10E8C42777DA57002C69F9;
			remoteInfo = SpotControl;
		};
		DF10E8E62777DA5C002C69F9 /* PBXContainerItemProxy */ = {
			isa = PBXContainerItemProxy;
			containerPortal = DF10E8BD2777DA57002C69F9 /* Project object */;
			proxyType = 1;
			remoteGlobalIDString = DF10E8C42777DA57002C69F9;
			remoteInfo = SpotControl;
		};
/* End PBXContainerItemProxy section */

/* Begin PBXFileReference section */
		DF10E8C52777DA57002C69F9 /* SpotControl.app */ = {isa = PBXFileReference; explicitFileType = wrapper.application; includeInIndex = 0; path = SpotControl.app; sourceTree = BUILT_PRODUCTS_DIR; };
		DF10E8C82777DA57002C69F9 /* AppDelegate.swift */ = {isa = PBXFileReference; lastKnownFileType = sourcecode.swift; path = AppDelegate.swift; sourceTree = "<group>"; };
		DF10E8CA2777DA57002C69F9 /* SceneDelegate.swift */ = {isa = PBXFileReference; lastKnownFileType = sourcecode.swift; path = SceneDelegate.swift; sourceTree = "<group>"; };
		DF10E8CC2777DA57002C69F9 /* ViewController.swift */ = {isa = PBXFileReference; lastKnownFileType = sourcecode.swift; path = ViewController.swift; sourceTree = "<group>"; };
		DF10E8CF2777DA57002C69F9 /* Base */ = {isa = PBXFileReference; lastKnownFileType = file.storyboard; name = Base; path = Base.lproj/Main.storyboard; sourceTree = "<group>"; };
		DF10E8D12777DA5B002C69F9 /* Assets.xcassets */ = {isa = PBXFileReference; lastKnownFileType = folder.assetcatalog; path = Assets.xcassets; sourceTree = "<group>"; };
		DF10E8D42777DA5B002C69F9 /* Base */ = {isa = PBXFileReference; lastKnownFileType = file.storyboard; name = Base; path = Base.lproj/LaunchScreen.storyboard; sourceTree = "<group>"; };
		DF10E8D62777DA5B002C69F9 /* Info.plist */ = {isa = PBXFileReference; lastKnownFileType = text.plist.xml; path = Info.plist; sourceTree = "<group>"; };
		DF10E8DB2777DA5B002C69F9 /* SpotControlTests.xctest */ = {isa = PBXFileReference; explicitFileType = wrapper.cfbundle; includeInIndex = 0; path = SpotControlTests.xctest; sourceTree = BUILT_PRODUCTS_DIR; };
		DF10E8DF2777DA5B002C69F9 /* SpotControlTests.swift */ = {isa = PBXFileReference; lastKnownFileType = sourcecode.swift; path = SpotControlTests.swift; sourceTree = "<group>"; };
		DF10E8E52777DA5C002C69F9 /* SpotControlUITests.xctest */ = {isa = PBXFileReference; explicitFileType = wrapper.cfbundle; includeInIndex = 0; path = SpotControlUITests.xctest; sourceTree = BUILT_PRODUCTS_DIR; };
		DF10E8E92777DA5C002C69F9 /* SpotControlUITests.swift */ = {isa = PBXFileReference; lastKnownFileType = sourcecode.swift; path = SpotControlUITests.swift; sourceTree = "<group>"; };
		DF10E8EB2777DA5C002C69F9 /* SpotControlUITestsLaunchTests.swift */ = {isa = PBXFileReference; lastKnownFileType = sourcecode.swift; path = SpotControlUITestsLaunchTests.swift; sourceTree = "<group>"; };
/* End PBXFileReference section */

/* Begin PBXFrameworksBuildPhase section */
		DF10E8C22777DA57002C69F9 /* Frameworks */ = {
			isa = PBXFrameworksBuildPhase;
			buildActionMask = 2147483647;
			files = (
			);
			runOnlyForDeploymentPostprocessing = 0;
		};
		DF10E8D82777DA5B002C69F9 /* Frameworks */ = {
			isa = PBXFrameworksBuildPhase;
			buildActionMask = 2147483647;
			files = (
			);
			runOnlyForDeploymentPostprocessing = 0;
		};
		DF10E8E22777DA5C002C69F9 /* Frameworks */ = {
			isa = PBXFrameworksBuildPhase;
			buildActionMask = 2147483647;
			files = (
			);
			runOnlyForDeploymentPostprocessing = 0;
		};
/* End PBXFrameworksBuildPhase section */

/* Begin PBXGroup section */
		DF10E8BC2777DA57002C69F9 = {
			isa = PBXGroup;
			children = (
				DF10E8C72777DA57002C69F9 /* SpotControl */,
				DF10E8DE2777DA5B002C69F9 /* SpotControlTests */,
				DF10E8E82777DA5C002C69F9 /* SpotControlUITests */,
				DF10E8C62777DA57002C69F9 /* Products */,
			);
			sourceTree = "<group>";
		};
		DF10E8C62777DA57002C69F9 /* Products */ = {
			isa = PBXGroup;
			children = (
				DF10E8C52777DA57002C69F9 /* SpotControl.app */,
				DF10E8DB2777DA5B002C69F9 /* SpotControlTests.xctest */,
				DF10E8E52777DA5C002C69F9 /* SpotControlUITests.xctest */,
			);
			name = Products;
			sourceTree = "<group>";
		};
		DF10E8C72777DA57002C69F9 /* SpotControl */ = {
			isa = PBXGroup;
			children = (
				DF10E8C82777DA57002C69F9 /* AppDelegate.swift */,
				DF10E8CA2777DA57002C69F9 /* SceneDelegate.swift */,
				DF10E8CC2777DA57002C69F9 /* ViewController.swift */,
				DF10E8CE2777DA57002C69F9 /* Main.storyboard */,
				DF10E8D12777DA5B002C69F9 /* Assets.xcassets */,
				DF10E8D32777DA5B002C69F9 /* LaunchScreen.storyboard */,
				DF10E8D62777DA5B002C69F9 /* Info.plist */,
			);
			path = SpotControl;
			sourceTree = "<group>";
		};
		DF10E8DE2777DA5B002C69F9 /* SpotControlTests */ = {
			isa = PBXGroup;
			children = (
				DF10E8DF2777DA5B002C69F9 /* SpotControlTests.swift */,
			);
			path = SpotControlTests;
			sourceTree = "<group>";
		};
		DF10E8E82777DA5C002C69F9 /* SpotControlUITests */ = {
			isa = PBXGroup;
			children = (
				DF10E8E92777DA5C002C69F9 /* SpotControlUITests.swift */,
				DF10E8EB2777DA5C002C69F9 /* SpotControlUITestsLaunchTests.swift */,
			);
			path = SpotControlUITests;
			sourceTree = "<group>";
		};
/* End PBXGroup section */

/* Begin PBXNativeTarget section */
		DF10E8C42777DA57002C69F9 /* SpotControl */ = {
			isa = PBXNativeTarget;
			buildConfigurationList = DF10E8EF2777DA5C002C69F9 /* Build configuration list for PBXNativeTarget "SpotControl" */;
			buildPhases = (
				DF10E8C12777DA57002C69F9 /* Sources */,
				DF10E8C22777DA57002C69F9 /* Frameworks */,
				DF10E8C32777DA57002C69F9 /* Resources */,
			);
			buildRules = (
			);
			dependencies = (
			);
			name = SpotControl;
			productName = SpotControl;
			productReference = DF10E8C52777DA57002C69F9 /* SpotControl.app */;
			productType = "com.apple.product-type.application";
		};
		DF10E8DA2777DA5B002C69F9 /* SpotControlTests */ = {
			isa = PBXNativeTarget;
			buildConfigurationList = DF10E8F22777DA5C002C69F9 /* Build configuration list for PBXNativeTarget "SpotControlTests" */;
			buildPhases = (
				DF10E8D72777DA5B002C69F9 /* Sources */,
				DF10E8D82777DA5B002C69F9 /* Frameworks */,
				DF10E8D92777DA5B002C69F9 /* Resources */,
			);
			buildRules = (
			);
			dependencies = (
				DF10E8DD2777DA5B002C69F9 /* PBXTargetDependency */,
			);
			name = SpotControlTests;
			productName = SpotControlTests;
			productReference = DF10E8DB2777DA5B002C69F9 /* SpotControlTests.xctest */;
			productType = "com.apple.product-type.bundle.unit-test";
		};
		DF10E8E42777DA5C002C69F9 /* SpotControlUITests */ = {
			isa = PBXNativeTarget;
			buildConfigurationList = DF10E8F52777DA5C002C69F9 /* Build configuration list for PBXNativeTarget "SpotControlUITests" */;
			buildPhases = (
				DF10E8E12777DA5C002C69F9 /* Sources */,
				DF10E8E22777DA5C002C69F9 /* Frameworks */,
				DF10E8E32777DA5C002C69F9 /* Resources */,
			);
			buildRules = (
			);
			dependencies = (
				DF10E8E72777DA5C002C69F9 /* PBXTargetDependency */,
			);
			name = SpotControlUITests;
			productName = SpotControlUITests;
			productReference = DF10E8E52777DA5C002C69F9 /* SpotControlUITests.xctest */;
			productType = "com.apple.product-type.bundle.ui-testing";
		};
/* End PBXNativeTarget section */

/* Begin PBXProject section */
		DF10E8BD2777DA57002C69F9 /* Project object */ = {
			isa = PBXProject;
			attributes = {
				BuildIndependentTargetsInParallel = 1;
				LastSwiftUpdateCheck = 1320;
				LastUpgradeCheck = 1320;
				TargetAttributes = {
					DF10E8C42777DA57002C69F9 = {
						CreatedOnToolsVersion = 13.2.1;
					};
					DF10E8DA2777DA5B002C69F9 = {
						CreatedOnToolsVersion = 13.2.1;
						TestTargetID = DF10E8C42777DA57002C69F9;
					};
					DF10E8E42777DA5C002C69F9 = {
						CreatedOnToolsVersion = 13.2.1;
						TestTargetID = DF10E8C42777DA57002C69F9;
					};
				};
			};
			buildConfigurationList = DF10E8C02777DA57002C69F9 /* Build configuration list for PBXProject "SpotControl" */;
			compatibilityVersion = "Xcode 13.0";
			developmentRegion = en;
			hasScannedForEncodings = 0;
			knownRegions = (
				en,
				Base,
			);
			mainGroup = DF10E8BC2777DA57002C69F9;
			productRefGroup = DF10E8C62777DA57002C69F9 /* Products */;
			projectDirPath = "";
			projectRoot = "";
			targets = (
				DF10E8C42777DA57002C69F9 /* SpotControl */,
				DF10E8DA2777DA5B002C69F9 /* SpotControlTests */,
				DF10E8E42777DA5C002C69F9 /* SpotControlUITests */,
			);
		};
/* End PBXProject section */

/* Begin PBXResourcesBuildPhase section */
		DF10E8C32777DA57002C69F9 /* Resources */ = {
			isa = PBXResourcesBuildPhase;
			buildActionMask = 2147483647;
			files = (
				DF10E8D52777DA5B002C69F9 /* LaunchScreen.storyboard in Resources */,
				DF10E8D22777DA5B002C69F9 /* Assets.xcassets in Resources */,
				DF10E8D02777DA57002C69F9 /* Main.storyboard in Resources */,
			);
			runOnlyForDeploymentPostprocessing = 0;
		};
		DF10E8D92777DA5B002C69F9 /* Resources */ = {
			isa = PBXResourcesBuildPhase;
			buildActionMask = 2147483647;
			files = (
			);
			runOnlyForDeploymentPostprocessing = 0;
		};
		DF10E8E32777DA5C002C69F9 /* Resources */ = {
			isa = PBXResourcesBuildPhase;
			buildActionMask = 2147483647;
			files = (
			);
			runOnlyForDeploymentPostprocessing = 0;
		};
/* End PBXResourcesBuildPhase section */

/* Begin PBXSourcesBuildPhase section */
		DF10E8C12777DA57002C69F9 /* Sources */ = {
			isa = PBXSourcesBuildPhase;
			buildActionMask = 2147483647;
			files = (
				DF10E8CD2777DA57002C69F9 /* ViewController.swift in Sources */,
				DF10E8C92777DA57002C69F9 /* AppDelegate.swift in Sources */,
				DF10E8CB2777DA57002C69F9 /* SceneDelegate.swift in Sources */,
			);
			runOnlyForDeploymentPostprocessing = 0;
		};
		DF10E8D72777DA5B002C69F9 /* Sources */ = {
			isa = PBXSourcesBuildPhase;
			buildActionMask = 2147483647;
			files = (
				DF10E8E02777DA5B002C69F9 /* SpotControlTests.swift in Sources */,
			);
			runOnlyForDeploymentPostprocessing = 0;
		};
		DF10E8E12777DA5C002C69F9 /* Sources */ = {
			isa = PBXSourcesBuildPhase;
			buildActionMask = 2147483647;
			files = (
				DF10E8EC2777DA5C002C69F9 /* SpotControlUITestsLaunchTests.swift in Sources */,
				DF10E8EA2777DA5C002C69F9 /* SpotControlUITests.swift in Sources */,
			);
			runOnlyForDeploymentPostprocessing = 0;
		};
/* End PBXSourcesBuildPhase section */

/* Begin PBXTargetDependency section */
		DF10E8DD2777DA5B002C69F9 /* PBXTargetDependency */ = {
			isa = PBXTargetDependency;
			target = DF10E8C42777DA57002C69F9 /* SpotControl */;
			targetProxy = DF10E8DC2777DA5B002C69F9 /* PBXContainerItemProxy */;
		};
		DF10E8E72777DA5C002C69F9 /* PBXTargetDependency */ = {
			isa = PBXTargetDependency;
			target = DF10E8C42777DA57002C69F9 /* SpotControl */;
			targetProxy = DF10E8E62777DA5C002C69F9 /* PBXContainerItemProxy */;
		};
/* End PBXTargetDependency section */

/* Begin PBXVariantGroup section */
		DF10E8CE2777DA57002C69F9 /* Main.storyboard */ = {
			isa = PBXVariantGroup;
			children = (
				DF10E8CF2777DA57002C69F9 /* Base */,
			);
			name = Main.storyboard;
			sourceTree = "<group>";
		};
		DF10E8D32777DA5B002C69F9 /* LaunchScreen.storyboard */ = {
			isa = PBXVariantGroup;
			children = (
				DF10E8D42777DA5B002C69F9 /* Base */,
			);
			name = LaunchScreen.storyboard;
			sourceTree = "<group>";
		};
/* End PBXVariantGroup section */

/* Begin XCBuildConfiguration section */
		DF10E8ED2777DA5C002C69F9 /* Debug */ = {
			isa = XCBuildConfiguration;
			buildSettings = {
				ALWAYS_SEARCH_USER_PATHS = NO;
				CLANG_ANALYZER_NONNULL = YES;
				CLANG_ANALYZER_NUMBER_OBJECT_CONVERSION = YES_AGGRESSIVE;
				CLANG_CXX_LANGUAGE_STANDARD = "gnu++17";
				CLANG_CXX_LIBRARY = "libc++";
				CLANG_ENABLE_MODULES = YES;
				CLANG_ENABLE_OBJC_ARC = YES;
				CLANG_ENABLE_OBJC_WEAK = YES;
				CLANG_WARN_BLOCK_CAPTURE_AUTORELEASING = YES;
				CLANG_WARN_BOOL_CONVERSION = YES;
				CLANG_WARN_COMMA = YES;
				CLANG_WARN_CONSTANT_CONVERSION = YES;
				CLANG_WARN_DEPRECATED_OBJC_IMPLEMENTATIONS = YES;
				CLANG_WARN_DIRECT_OBJC_ISA_USAGE = YES_ERROR;
				CLANG_WARN_DOCUMENTATION_COMMENTS = YES;
				CLANG_WARN_EMPTY_BODY = YES;
				CLANG_WARN_ENUM_CONVERSION = YES;
				CLANG_WARN_INFINITE_RECURSION = YES;
				CLANG_WARN_INT_CONVERSION = YES;
				CLANG_WARN_NON_LITERAL_NULL_CONVERSION = YES;
				CLANG_WARN_OBJC_IMPLICIT_RETAIN_SELF = YES;
				CLANG_WARN_OBJC_LITERAL_CONVERSION = YES;
				CLANG_WARN_OBJC_ROOT_CLASS = YES_ERROR;
				CLANG_WARN_QUOTED_INCLUDE_IN_FRAMEWORK_HEADER = YES;
				CLANG_WARN_RANGE_LOOP_ANALYSIS = YES;
				CLANG_WARN_STRICT_PROTOTYPES = YES;
				CLANG_WARN_SUSPICIOUS_MOVE = YES;
				CLANG_WARN_UNGUARDED_AVAILABILITY = YES_AGGRESSIVE;
				CLANG_WARN_UNREACHABLE_CODE = YES;
				CLANG_WARN__DUPLICATE_METHOD_MATCH = YES;
				COPY_PHASE_STRIP = NO;
				DEBUG_INFORMATION_FORMAT = dwarf;
				ENABLE_STRICT_OBJC_MSGSEND = YES;
				ENABLE_TESTABILITY = YES;
				GCC_C_LANGUAGE_STANDARD = gnu11;
				GCC_DYNAMIC_NO_PIC = NO;
				GCC_NO_COMMON_BLOCKS = YES;
				GCC_OPTIMIZATION_LEVEL = 0;
				GCC_PREPROCESSOR_DEFINITIONS = (
					"DEBUG=1",
					"$(inherited)",
				);
				GCC_WARN_64_TO_32_BIT_CONVERSION = YES;
				GCC_WARN_ABOUT_RETURN_TYPE = YES_ERROR;
				GCC_WARN_UNDECLARED_SELECTOR = YES;
				GCC_WARN_UNINITIALIZED_AUTOS = YES_AGGRESSIVE;
				GCC_WARN_UNUSED_FUNCTION = YES;
				GCC_WARN_UNUSED_VARIABLE = YES;
				IPHONEOS_DEPLOYMENT_TARGET = 15.2;
				MTL_ENABLE_DEBUG_INFO = INCLUDE_SOURCE;
				MTL_FAST_MATH = YES;
				ONLY_ACTIVE_ARCH = YES;
				SDKROOT = iphoneos;
				SWIFT_ACTIVE_COMPILATION_CONDITIONS = DEBUG;
				SWIFT_OPTIMIZATION_LEVEL = "-Onone";
			};
			name = Debug;
		};
		DF10E8EE2777DA5C002C69F9 /* Release */ = {
			isa = XCBuildConfiguration;
			buildSettings = {
				ALWAYS_SEARCH_USER_PATHS = NO;
				CLANG_ANALYZER_NONNULL = YES;
				CLANG_ANALYZER_NUMBER_OBJECT_CONVERSION = YES_AGGRESSIVE;
				CLANG_CXX_LANGUAGE_STANDARD = "gnu++17";
				CLANG_CXX_LIBRARY = "libc++";
				CLANG_ENABLE_MODULES = YES;
				CLANG_ENABLE_OBJC_ARC = YES;
				CLANG_ENABLE_OBJC_WEAK = YES;
				CLANG_WARN_BLOCK_CAPTURE_AUTORELEASING = YES;
				CLANG_WARN_BOOL_CONVERSION = YES;
				CLANG_WARN_COMMA = YES;
				CLANG_WARN_CONSTANT_CONVERSION = YES;
				CLANG_WARN_DEPRECATED_OBJC_IMPLEMENTATIONS = YES;
				CLANG_WARN_DIRECT_OBJC_ISA_USAGE = YES_ERROR;
				CLANG_WARN_DOCUMENTATION_COMMENTS = YES;
				CLANG_WARN_EMPTY_BODY = YES;
				CLANG_WARN_ENUM_CONVERSION = YES;
				CLANG_WARN_INFINITE_RECURSION = YES;
				CLANG_WARN_INT_CONVERSION = YES;
				CLANG_WARN_NON_LITERAL_NULL_CONVERSION = YES;
				CLANG_WARN_OBJC_IMPLICIT_RETAIN_SELF = YES;
				CLANG_WARN_OBJC_LITERAL_CONVERSION = YES;
				CLANG_WARN_OBJC_ROOT_CLASS = YES_ERROR;
				CLANG_WARN_QUOTED_INCLUDE_IN_FRAMEWORK_HEADER = YES;
				CLANG_WARN_RANGE_LOOP_ANALYSIS = YES;
				CLANG_WARN_STRICT_PROTOTYPES = YES;
				CLANG_WARN_SUSPICIOUS_MOVE = YES;
				CLANG_WARN_UNGUARDED_AVAILABILITY = YES_AGGRESSIVE;
				CLANG_WARN_UNREACHABLE_CODE = YES;
				CLANG_WARN__DUPLICATE_METHOD_MATCH = YES;
				COPY_PHASE_STRIP = NO;
				DEBUG_INFORMATION_FORMAT = "dwarf-with-dsym";
				ENABLE_NS_ASSERTIONS = NO;
				ENABLE_STRICT_OBJC_MSGSEND = YES;
				GCC_C_LANGUAGE_STANDARD = gnu11;
				GCC_NO_COMMON_BLOCKS = YES;
				GCC_WARN_64_TO_32_BIT_CONVERSION = YES;
				GCC_WARN_ABOUT_RETURN_TYPE = YES_ERROR;
				GCC_WARN_UNDECLARED_SELECTOR = YES;
				GCC_WARN_UNINITIALIZED_AUTOS = YES_AGGRESSIVE;
				GCC_WARN_UNUSED_FUNCTION = YES;
				GCC_WARN_UNUSED_VARIABLE = YES;
				IPHONEOS_DEPLOYMENT_TARGET = 15.2;
				MTL_ENABLE_DEBUG_INFO = NO;
				MTL_FAST_MATH = YES;
				SDKROOT = iphoneos;
				SWIFT_COMPILATION_MODE = wholemodule;
				SWIFT_OPTIMIZATION_LEVEL = "-O";
				VALIDATE_PRODUCT = YES;
			};
			name = Release;
		};
		DF10E8F02777DA5C002C69F9 /* Debug */ = {
			isa = XCBuildConfiguration;
			buildSettings = {
				ASSETCATALOG_COMPILER_APPICON_NAME = AppIcon;
				ASSETCATALOG_COMPILER_GLOBAL_ACCENT_COLOR_NAME = AccentColor;
				CODE_SIGN_STYLE = Automatic;
				CURRENT_PROJECT_VERSION = 1;
				DEVELOPMENT_TEAM = E5PTV73S5N;
				GENERATE_INFOPLIST_FILE = YES;
				INFOPLIST_FILE = SpotControl/Info.plist;
				INFOPLIST_KEY_UIApplicationSupportsIndirectInputEvents = YES;
				INFOPLIST_KEY_UILaunchStoryboardName = LaunchScreen;
				INFOPLIST_KEY_UIMainStoryboardFile = Main;
				INFOPLIST_KEY_UISupportedInterfaceOrientations_iPad = "UIInterfaceOrientationPortrait UIInterfaceOrientationPortraitUpsideDown UIInterfaceOrientationLandscapeLeft UIInterfaceOrientationLandscapeRight";
				INFOPLIST_KEY_UISupportedInterfaceOrientations_iPhone = "UIInterfaceOrientationPortrait UIInterfaceOrientationLandscapeLeft UIInterfaceOrientationLandscapeRight";
				LD_RUNPATH_SEARCH_PATHS = (
					"$(inherited)",
					"@executable_path/Frameworks",
				);
				MARKETING_VERSION = 1.0;
				PRODUCT_BUNDLE_IDENTIFIER = com.thingenix.SpotControl;
				PRODUCT_NAME = "$(TARGET_NAME)";
				SWIFT_EMIT_LOC_STRINGS = YES;
				SWIFT_VERSION = 5.0;
				TARGETED_DEVICE_FAMILY = "1,2";
			};
			name = Debug;
		};
		DF10E8F12777DA5C002C69F9 /* Release */ = {
			isa = XCBuildConfiguration;
			buildSettings = {
				ASSETCATALOG_COMPILER_APPICON_NAME = AppIcon;
				ASSETCATALOG_COMPILER_GLOBAL_ACCENT_COLOR_NAME = AccentColor;
				CODE_SIGN_STYLE = Automatic;
				CURRENT_PROJECT_VERSION = 1;
				DEVELOPMENT_TEAM = E5PTV73S5N;
				GENERATE_INFOPLIST_FILE = YES;
				INFOPLIST_FILE = SpotControl/Info.plist;
				INFOPLIST_KEY_UIApplicationSupportsIndirectInputEvents = YES;
				INFOPLIST_KEY_UILaunchStoryboardName = LaunchScreen;
				INFOPLIST_KEY_UIMainStoryboardFile = Main;
				INFOPLIST_KEY_UISupportedInterfaceOrientations_iPad = "UIInterfaceOrientationPortrait UIInterfaceOrientationPortraitUpsideDown UIInterfaceOrientationLandscapeLeft UIInterfaceOrientationLandscapeRight";
				INFOPLIST_KEY_UISupportedInterfaceOrientations_iPhone = "UIInterfaceOrientationPortrait UIInterfaceOrientationLandscapeLeft UIInterfaceOrientationLandscapeRight";
				LD_RUNPATH_SEARCH_PATHS = (
					"$(inherited)",
					"@executable_path/Frameworks",
				);
				MARKETING_VERSION = 1.0;
				PRODUCT_BUNDLE_IDENTIFIER = com.thingenix.SpotControl;
				PRODUCT_NAME = "$(TARGET_NAME)";
				SWIFT_EMIT_LOC_STRINGS = YES;
				SWIFT_VERSION = 5.0;
				TARGETED_DEVICE_FAMILY = "1,2";
			};
			name = Release;
		};
		DF10E8F32777DA5C002C69F9 /* Debug */ = {
			isa = XCBuildConfiguration;
			buildSettings = {
				ALWAYS_EMBED_SWIFT_STANDARD_LIBRARIES = YES;
				BUNDLE_LOADER = "$(TEST_HOST)";
				CODE_SIGN_STYLE = Automatic;
				CURRENT_PROJECT_VERSION = 1;
				DEVELOPMENT_TEAM = E5PTV73S5N;
				GENERATE_INFOPLIST_FILE = YES;
				IPHONEOS_DEPLOYMENT_TARGET = 15.2;
				MARKETING_VERSION = 1.0;
				PRODUCT_BUNDLE_IDENTIFIER = com.thingenix.SpotControlTests;
				PRODUCT_NAME = "$(TARGET_NAME)";
				SWIFT_EMIT_LOC_STRINGS = NO;
				SWIFT_VERSION = 5.0;
				TARGETED_DEVICE_FAMILY = "1,2";
				TEST_HOST = "$(BUILT_PRODUCTS_DIR)/SpotControl.app/SpotControl";
			};
			name = Debug;
		};
		DF10E8F42777DA5C002C69F9 /* Release */ = {
			isa = XCBuildConfiguration;
			buildSettings = {
				ALWAYS_EMBED_SWIFT_STANDARD_LIBRARIES = YES;
				BUNDLE_LOADER = "$(TEST_HOST)";
				CODE_SIGN_STYLE = Automatic;
				CURRENT_PROJECT_VERSION = 1;
				DEVELOPMENT_TEAM = E5PTV73S5N;
				GENERATE_INFOPLIST_FILE = YES;
				IPHONEOS_DEPLOYMENT_TARGET = 15.2;
				MARKETING_VERSION = 1.0;
				PRODUCT_BUNDLE_IDENTIFIER = com.thingenix.SpotControlTests;
				PRODUCT_NAME = "$(TARGET_NAME)";
				SWIFT_EMIT_LOC_STRINGS = NO;
				SWIFT_VERSION = 5.0;
				TARGETED_DEVICE_FAMILY = "1,2";
				TEST_HOST = "$(BUILT_PRODUCTS_DIR)/SpotControl.app/SpotControl";
			};
			name = Release;
		};
		DF10E8F62777DA5C002C69F9 /* Debug */ = {
			isa = XCBuildConfiguration;
			buildSettings = {
				ALWAYS_EMBED_SWIFT_STANDARD_LIBRARIES = YES;
				CODE_SIGN_STYLE = Automatic;
				CURRENT_PROJECT_VERSION = 1;
				DEVELOPMENT_TEAM = E5PTV73S5N;
				GENERATE_INFOPLIST_FILE = YES;
				MARKETING_VERSION = 1.0;
				PRODUCT_BUNDLE_IDENTIFIER = com.thingenix.SpotControlUITests;
				PRODUCT_NAME = "$(TARGET_NAME)";
				SWIFT_EMIT_LOC_STRINGS = NO;
				SWIFT_VERSION = 5.0;
				TARGETED_DEVICE_FAMILY = "1,2";
				TEST_TARGET_NAME = SpotControl;
			};
			name = Debug;
		};
		DF10E8F72777DA5C002C69F9 /* Release */ = {
			isa = XCBuildConfiguration;
			buildSettings = {
				ALWAYS_EMBED_SWIFT_STANDARD_LIBRARIES = YES;
				CODE_SIGN_STYLE = Automatic;
				CURRENT_PROJECT_VERSION = 1;
				DEVELOPMENT_TEAM = E5PTV73S5N;
				GENERATE_INFOPLIST_FILE = YES;
				MARKETING_VERSION = 1.0;
				PRODUCT_BUNDLE_IDENTIFIER = com.thingenix.SpotControlUITests;
				PRODUCT_NAME = "$(TARGET_NAME)";
				SWIFT_EMIT_LOC_STRINGS = NO;
				SWIFT_VERSION = 5.0;
				TARGETED_DEVICE_FAMILY = "1,2";
				TEST_TARGET_NAME = SpotControl;
			};
			name = Release;
		};
/* End XCBuildConfiguration section */

/* Begin XCConfigurationList section */
		DF10E8C02777DA57002C69F9 /* Build configuration list for PBXProject "SpotControl" */ = {
			isa = XCConfigurationList;
			buildConfigurations = (
				DF10E8ED2777DA5C002C69F9 /* Debug */,
				DF10E8EE2777DA5C002C69F9 /* Release */,
			);
			defaultConfigurationIsVisible = 0;
			defaultConfigurationName = Release;
		};
		DF10E8EF2777DA5C002C69F9 /* Build configuration list for PBXNativeTarget "SpotControl" */ = {
			isa = XCConfigurationList;
			buildConfigurations = (
				DF10E8F02777DA5C002C69F9 /* Debug */,
				DF10E8F12777DA5C002C69F9 /* Release */,
			);
			defaultConfigurationIsVisible = 0;
			defaultConfigurationName = Release;
		};
		DF10E8F22777DA5C002C69F9 /* Build configuration list for PBXNativeTarget "SpotControlTests" */ = {
			isa = XCConfigurationList;
			buildConfigurations = (
				DF10E8F32777DA5C002C69F9 /* Debug */,
				DF10E8F42777DA5C002C69F9 /* Release */,
			);
			defaultConfigurationIsVisible = 0;
			defaultConfigurationName = Release;
		};
		DF10E8F52777DA5C002C69F9 /* Build configuration list for PBXNativeTarget "SpotControlUITests" */ = {
			isa = XCConfigurationList;
			buildConfigurations = (
				DF10E8F62777DA5C002C69F9 /* Debug */,
				DF10E8F72777DA5C002C69F9 /* Release */,
			);
			defaultConfigurationIsVisible = 0;
			defaultConfigurationName = Release;
		};
/* End XCConfigurationList section */
	};
	rootObject = DF10E8BD2777DA57002C69F9 /* Project object */;
}
